
Microsoft Visual Studio Solution File, Format Version 12.00
# Visual Studio Version 17
VisualStudioVersion = 17.1.32421.90
MinimumVisualStudioVersion = 10.0.40219.1
Project("{9A19103F-16F7-4668-BE54-9A1E7A4F7556}") = "Fortune", "Fortune.csproj", "{6402D5EE-D120-4D10-939A-8954CA751603}"
EndProject
Project("{FAE04EC0-301F-11D3-BF4B-00C04F79EFBC}") = "Fortune.Models", "..\Fortune.Models\Fortune.Models.csproj", "{14701EC2-4470-411A-AAA9-3FE87FE3BCAA}"
EndProject
Global
	GlobalSection(SolutionConfigurationPlatforms) = preSolution
		Debug|Any CPU = Debug|Any CPU
		Release|Any CPU = Release|Any CPU
	EndGlobalSection
	GlobalSection(ProjectConfigurationPlatforms) = postSolution
		{6402D5EE-D120-4D10-939A-8954CA751603}.Debug|Any CPU.ActiveCfg = Debug|Any CPU
		{6402D5EE-D120-4D10-939A-8954CA751603}.Debug|Any CPU.Build.0 = Debug|Any CPU
		{6402D5EE-D120-4D10-939A-8954CA751603}.Release|Any CPU.ActiveCfg = Release|Any CPU
		{6402D5EE-D120-4D10-939A-8954CA751603}.Release|Any CPU.Build.0 = Release|Any CPU
		{14701EC2-4470-411A-AAA9-3FE87FE3BCAA}.Debug|Any CPU.ActiveCfg = Debug|Any CPU
		{14701EC2-4470-411A-AAA9-3FE87FE3BCAA}.Debug|Any CPU.Build.0 = Debug|Any CPU
		{14701EC2-4470-411A-AAA9-3FE87FE3BCAA}.Release|Any CPU.ActiveCfg = Release|Any CPU
		{14701EC2-4470-411A-AAA9-3FE87FE3BCAA}.Release|Any CPU.Build.0 = Release|Any CPU
	EndGlobalSection
	GlobalSection(SolutionProperties) = preSolution
		HideSolutionNode = FALSE
	EndGlobalSection
	GlobalSection(ExtensibilityGlobals) = postSolution
		SolutionGuid = {A754ECB1-7958-4BE5-A5BF-3D493A6CD4D6}
	EndGlobalSection
EndGlobal
